
Microsoft Visual Studio Solution File, Format Version 12.00
# Visual Studio Version 17
VisualStudioVersion = 17.14.36616.10 d17.14
MinimumVisualStudioVersion = 10.0.40219.1
Project("{FAE04EC0-301F-11D3-BF4B-00C04F79EFBC}") = "RandomImageApp", "RandomImageApp\RandomImageApp.csproj", "{22CF3DDD-91E7-463D-BB1E-329F76D4E1FC}"
EndProject
Project("{2150E333-8FDC-42A3-9474-1A3956D46DE8}") = "Images", "Images", "{36D591C7-65C7-A0D1-1CBC-10CDE441BDC8}"
	ProjectSection(SolutionItems) = preProject
		..\..\..\Pictures\Saved Pictures\photo_2026-02-17_21-53-49.jpg = ..\..\..\Pictures\Saved Pictures\photo_2026-02-17_21-53-49.jpg
		..\..\..\Pictures\Saved Pictures\photo_2026-02-17_21-54-02.jpg = ..\..\..\Pictures\Saved Pictures\photo_2026-02-17_21-54-02.jpg
		..\..\..\Pictures\Saved Pictures\photo_2026-02-17_21-54-08.jpg = ..\..\..\Pictures\Saved Pictures\photo_2026-02-17_21-54-08.jpg
		..\..\..\Pictures\Saved Pictures\photo_2026-02-17_21-54-15.jpg = ..\..\..\Pictures\Saved Pictures\photo_2026-02-17_21-54-15.jpg
		..\..\..\Pictures\Saved Pictures\photo_2026-02-17_21-54-20.jpg = ..\..\..\Pictures\Saved Pictures\photo_2026-02-17_21-54-20.jpg
	EndProjectSection
EndProject
Global
	GlobalSection(SolutionConfigurationPlatforms) = preSolution
		Debug|Any CPU = Debug|Any CPU
		Release|Any CPU = Release|Any CPU
	EndGlobalSection
	GlobalSection(ProjectConfigurationPlatforms) = postSolution
		{22CF3DDD-91E7-463D-BB1E-329F76D4E1FC}.Debug|Any CPU.ActiveCfg = Debug|Any CPU
		{22CF3DDD-91E7-463D-BB1E-329F76D4E1FC}.Debug|Any CPU.Build.0 = Debug|Any CPU
		{22CF3DDD-91E7-463D-BB1E-329F76D4E1FC}.Release|Any CPU.ActiveCfg = Release|Any CPU
		{22CF3DDD-91E7-463D-BB1E-329F76D4E1FC}.Release|Any CPU.Build.0 = Release|Any CPU
	EndGlobalSection
	GlobalSection(SolutionProperties) = preSolution
		HideSolutionNode = FALSE
	EndGlobalSection
	GlobalSection(ExtensibilityGlobals) = postSolution
		SolutionGuid = {4170C8E7-2397-437D-B16F-29F843F54084}
	EndGlobalSection
EndGlobal
